{
  "name": "ovmapps",
  "version": "1.0.0",
  "lockfileVersion": 1,
  "requires": true,
  "dependencies": {
    "@cryptoeconomicslab/coder": {
      "version": "0.3.4",
      "resolved": "https://registry.npmjs.org/@cryptoeconomicslab/coder/-/coder-0.3.4.tgz",
      "integrity": "sha512-kZQRwpMBsjf0/19yNgv+eVRG05SeucHn0XqBYmo260W4nwKYxAkWPQ1E7+nmeczdW6n4Ju/es1XtRFZK/GMeMQ==",
      "requires": {
        "jsbi": "^3.1.2"
      }
    },
    "@cryptoeconomicslab/context": {
      "version": "0.3.4",
      "resolved": "https://registry.npmjs.org/@cryptoeconomicslab/context/-/context-0.3.4.tgz",
      "integrity": "sha512-DlBIius91MG0cMetrmyxOBF1NEmdYxRoSonlkFXzi6cLsgKUqvfLDX+vSNuDot21uDJ0UE2C9R9iUEv5Mq99yg=="
    },
    "@cryptoeconomicslab/ovm-parser": {
      "version": "0.3.0",
      "resolved": "https://registry.npmjs.org/@cryptoeconomicslab/ovm-parser/-/ovm-parser-0.3.0.tgz",
      "integrity": "sha512-cAfGSj7SElAjileFkqJs1Sxk+HxP9iT+2udLL3Lbk2Y4etU/YFn3PyVZR8r0oJbKNOAgcDiH6wJNrfOXoIapUA==",
      "requires": {
        "pegjs": "^0.10.0",
        "tslib": "^1.11.1"
      }
    },
    "@cryptoeconomicslab/ovm-transpiler": {
      "version": "0.3.4",
      "resolved": "https://registry.npmjs.org/@cryptoeconomicslab/ovm-transpiler/-/ovm-transpiler-0.3.4.tgz",
      "integrity": "sha512-EBYVc8zZi9fcwosczkW6oI5kHg65GM6ZZWFZK6ewhG7mtNkOzYb6uhduwG2hL9WNSSKlwmDCWMEyTm1rGAYIWA==",
      "requires": {
        "@cryptoeconomicslab/coder": "^0.3.4",
        "@cryptoeconomicslab/context": "^0.3.4",
        "@cryptoeconomicslab/ovm-parser": "^0.3.0",
        "tslib": "^1.11.1"
      }
    },
    "@cryptoeconomicslab/primitives": {
      "version": "0.3.4",
      "resolved": "https://registry.npmjs.org/@cryptoeconomicslab/primitives/-/primitives-0.3.4.tgz",
      "integrity": "sha512-/XnibfMHx4JJllz5Fj9lq36i+MBhvuJOkoV0FzBco/9eXp9c1/vhhlquJ3qcKJxbekWDONMd36qukJyJRks6LA==",
      "requires": {
        "jsbi": "^3.1.2",
        "text-encoding": "^0.7.0"
      }
    },
    "jsbi": {
      "version": "3.1.2",
      "resolved": "https://registry.npmjs.org/jsbi/-/jsbi-3.1.2.tgz",
      "integrity": "sha512-5nDXo1X9QVaXK/Cpb5VECV9ss1QPbjUuk1qSruHB1PK/g39Sd414K4nci99ElFDZv0vzxDEnKn3o49/Tn9Yagw=="
    },
    "pegjs": {
      "version": "0.10.0",
      "resolved": "https://registry.npmjs.org/pegjs/-/pegjs-0.10.0.tgz",
      "integrity": "sha1-z4uvrm7d/0tafvsYUmnqr0YQ3b0="
    },
    "text-encoding": {
      "version": "0.7.0",
      "resolved": "https://registry.npmjs.org/text-encoding/-/text-encoding-0.7.0.tgz",
      "integrity": "sha512-oJQ3f1hrOnbRLOcwKz0Liq2IcrvDeZRHXhd9RgLrsT+DjWY/nty1Hi7v3dtkaEYbPYe0mUoOfzRrMwfXXwgPUA=="
    },
    "tslib": {
      "version": "1.11.1",
      "resolved": "https://registry.npmjs.org/tslib/-/tslib-1.11.1.tgz",
      "integrity": "sha512-aZW88SY8kQbU7gpV19lN24LtXh/yD4ZZg6qieAJDDg+YBsJcSmLGK9QpnUjAKVG/xefmvJGd1WUmfpT/g6AJGA=="
    }
  }
}
